
Microsoft Visual Studio Solution File, Format Version 12.00
# Visual Studio Version 17
VisualStudioVersion = 17.5.33424.131
MinimumVisualStudioVersion = 10.0.40219.1
Project("{FAE04EC0-301F-11D3-BF4B-00C04F79EFBC}") = "NopCommerceCheckout", "NopCommerceCheckout.csproj", "{05789E72-1396-438D-8E88-ED910298FBCC}"
EndProject
Global
	GlobalSection(SolutionConfigurationPlatforms) = preSolution
		Debug|Any CPU = Debug|Any CPU
		Release|Any CPU = Release|Any CPU
	EndGlobalSection
	GlobalSection(ProjectConfigurationPlatforms) = postSolution
		{05789E72-1396-438D-8E88-ED910298FBCC}.Debug|Any CPU.ActiveCfg = Debug|Any CPU
		{05789E72-1396-438D-8E88-ED910298FBCC}.Debug|Any CPU.Build.0 = Debug|Any CPU
		{05789E72-1396-438D-8E88-ED910298FBCC}.Release|Any CPU.ActiveCfg = Release|Any CPU
		{05789E72-1396-438D-8E88-ED910298FBCC}.Release|Any CPU.Build.0 = Release|Any CPU
	EndGlobalSection
	GlobalSection(SolutionProperties) = preSolution
		HideSolutionNode = FALSE
	EndGlobalSection
	GlobalSection(ExtensibilityGlobals) = postSolution
		SolutionGuid = {61599980-2E35-44B5-A18D-63EC8CC0BBA7}
	EndGlobalSection
EndGlobal
